// !$*UTF8*$!
{
	archiveVersion = 1;
	classes = {
	};
	objectVersion = 50;
	objects = {

/* Begin PBXBuildFile section */
		04A2B1EB26F0679F005466F8 /* AppDelegate.swift in Sources */ = {isa = PBXBuildFile; fileRef = 04A2B1EA26F0679F005466F8 /* AppDelegate.swift */; };
		04A2B1ED26F0679F005466F8 /* SceneDelegate.swift in Sources */ = {isa = PBXBuildFile; fileRef = 04A2B1EC26F0679F005466F8 /* SceneDelegate.swift */; };
		04A2B1EF26F0679F005466F8 /* EmployeeListViewController.swift in Sources */ = {isa = PBXBuildFile; fileRef = 04A2B1EE26F0679F005466F8 /* EmployeeListViewController.swift */; };
		04A2B1F226F0679F005466F8 /* Main.storyboard in Resources */ = {isa = PBXBuildFile; fileRef = 04A2B1F026F0679F005466F8 /* Main.storyboard */; };
		04A2B1F526F0679F005466F8 /* Training.xcdatamodeld in Sources */ = {isa = PBXBuildFile; fileRef = 04A2B1F326F0679F005466F8 /* Training.xcdatamodeld */; };
		04A2B1F726F0679F005466F8 /* Assets.xcassets in Resources */ = {isa = PBXBuildFile; fileRef = 04A2B1F626F0679F005466F8 /* Assets.xcassets */; };
		04A2B1FA26F0679F005466F8 /* LaunchScreen.storyboard in Resources */ = {isa = PBXBuildFile; fileRef = 04A2B1F826F0679F005466F8 /* LaunchScreen.storyboard */; };
		04A2B20526F0679F005466F8 /* TrainingTests.swift in Sources */ = {isa = PBXBuildFile; fileRef = 04A2B20426F0679F005466F8 /* TrainingTests.swift */; };
		04A2B21026F067A0005466F8 /* TrainingUITests.swift in Sources */ = {isa = PBXBuildFile; fileRef = 04A2B20F26F067A0005466F8 /* TrainingUITests.swift */; };
		04A2B22826F06D2F005466F8 /* BaseViewController.swift in Sources */ = {isa = PBXBuildFile; fileRef = 04A2B22726F06D2F005466F8 /* BaseViewController.swift */; };
		04A2B22B26F0710F005466F8 /* AddEmployeeViewController.swift in Sources */ = {isa = PBXBuildFile; fileRef = 04A2B22A26F0710F005466F8 /* AddEmployeeViewController.swift */; };
		04A2B22F26F072E5005466F8 /* AppData.swift in Sources */ = {isa = PBXBuildFile; fileRef = 04A2B22E26F072E5005466F8 /* AppData.swift */; };
		04A2B23126F0744A005466F8 /* AddEmployeeModel.swift in Sources */ = {isa = PBXBuildFile; fileRef = 04A2B23026F0744A005466F8 /* AddEmployeeModel.swift */; };
		04A2B23326F0ACED005466F8 /* AddEmployeePresenter.swift in Sources */ = {isa = PBXBuildFile; fileRef = 04A2B23226F0ACED005466F8 /* AddEmployeePresenter.swift */; };
/* End PBXBuildFile section */

/* Begin PBXContainerItemProxy section */
		04A2B20126F0679F005466F8 /* PBXContainerItemProxy */ = {
			isa = PBXContainerItemProxy;
			containerPortal = 04A2B1DF26F0679E005466F8 /* Project object */;
			proxyType = 1;
			remoteGlobalIDString = 04A2B1E626F0679E005466F8;
			remoteInfo = Training;
		};
		04A2B20C26F067A0005466F8 /* PBXContainerItemProxy */ = {
			isa = PBXContainerItemProxy;
			containerPortal = 04A2B1DF26F0679E005466F8 /* Project object */;
			proxyType = 1;
			remoteGlobalIDString = 04A2B1E626F0679E005466F8;
			remoteInfo = Training;
		};
/* End PBXContainerItemProxy section */

/* Begin PBXFileReference section */
		04A2B1E726F0679E005466F8 /* Training.app */ = {isa = PBXFileReference; explicitFileType = wrapper.application; includeInIndex = 0; path = Training.app; sourceTree = BUILT_PRODUCTS_DIR; };
		04A2B1EA26F0679F005466F8 /* AppDelegate.swift */ = {isa = PBXFileReference; lastKnownFileType = sourcecode.swift; path = AppDelegate.swift; sourceTree = "<group>"; };
		04A2B1EC26F0679F005466F8 /* SceneDelegate.swift */ = {isa = PBXFileReference; lastKnownFileType = sourcecode.swift; path = SceneDelegate.swift; sourceTree = "<group>"; };
		04A2B1EE26F0679F005466F8 /* EmployeeListViewController.swift */ = {isa = PBXFileReference; lastKnownFileType = sourcecode.swift; path = EmployeeListViewController.swift; sourceTree = "<group>"; };
		04A2B1F126F0679F005466F8 /* Base */ = {isa = PBXFileReference; lastKnownFileType = file.storyboard; name = Base; path = Base.lproj/Main.storyboard; sourceTree = "<group>"; };
		04A2B1F426F0679F005466F8 /* Training.xcdatamodel */ = {isa = PBXFileReference; lastKnownFileType = wrapper.xcdatamodel; path = Training.xcdatamodel; sourceTree = "<group>"; };
		04A2B1F626F0679F005466F8 /* Assets.xcassets */ = {isa = PBXFileReference; lastKnownFileType = folder.assetcatalog; path = Assets.xcassets; sourceTree = "<group>"; };
		04A2B1F926F0679F005466F8 /* Base */ = {isa = PBXFileReference; lastKnownFileType = file.storyboard; name = Base; path = Base.lproj/LaunchScreen.storyboard; sourceTree = "<group>"; };
		04A2B1FB26F0679F005466F8 /* Info.plist */ = {isa = PBXFileReference; lastKnownFileType = text.plist.xml; path = Info.plist; sourceTree = "<group>"; };
		04A2B20026F0679F005466F8 /* TrainingTests.xctest */ = {isa = PBXFileReference; explicitFileType = wrapper.cfbundle; includeInIndex = 0; path = TrainingTests.xctest; sourceTree = BUILT_PRODUCTS_DIR; };
		04A2B20426F0679F005466F8 /* TrainingTests.swift */ = {isa = PBXFileReference; lastKnownFileType = sourcecode.swift; path = TrainingTests.swift; sourceTree = "<group>"; };
		04A2B20626F0679F005466F8 /* Info.plist */ = {isa = PBXFileReference; lastKnownFileType = text.plist.xml; path = Info.plist; sourceTree = "<group>"; };
		04A2B20B26F067A0005466F8 /* TrainingUITests.xctest */ = {isa = PBXFileReference; explicitFileType = wrapper.cfbundle; includeInIndex = 0; path = TrainingUITests.xctest; sourceTree = BUILT_PRODUCTS_DIR; };
		04A2B20F26F067A0005466F8 /* TrainingUITests.swift */ = {isa = PBXFileReference; lastKnownFileType = sourcecode.swift; path = TrainingUITests.swift; sourceTree = "<group>"; };
		04A2B21126F067A0005466F8 /* Info.plist */ = {isa = PBXFileReference; lastKnownFileType = text.plist.xml; path = Info.plist; sourceTree = "<group>"; };
		04A2B22726F06D2F005466F8 /* BaseViewController.swift */ = {isa = PBXFileReference; lastKnownFileType = sourcecode.swift; path = BaseViewController.swift; sourceTree = "<group>"; };
		04A2B22A26F0710F005466F8 /* AddEmployeeViewController.swift */ = {isa = PBXFileReference; lastKnownFileType = sourcecode.swift; path = AddEmployeeViewController.swift; sourceTree = "<group>"; };
		04A2B22E26F072E5005466F8 /* AppData.swift */ = {isa = PBXFileReference; lastKnownFileType = sourcecode.swift; path = AppData.swift; sourceTree = "<group>"; };
		04A2B23026F0744A005466F8 /* AddEmployeeModel.swift */ = {isa = PBXFileReference; lastKnownFileType = sourcecode.swift; path = AddEmployeeModel.swift; sourceTree = "<group>"; };
		04A2B23226F0ACED005466F8 /* AddEmployeePresenter.swift */ = {isa = PBXFileReference; lastKnownFileType = sourcecode.swift; path = AddEmployeePresenter.swift; sourceTree = "<group>"; };
/* End PBXFileReference section */

/* Begin PBXFrameworksBuildPhase section */
		04A2B1E426F0679E005466F8 /* Frameworks */ = {
			isa = PBXFrameworksBuildPhase;
			buildActionMask = 2147483647;
			files = (
			);
			runOnlyForDeploymentPostprocessing = 0;
		};
		04A2B1FD26F0679F005466F8 /* Frameworks */ = {
			isa = PBXFrameworksBuildPhase;
			buildActionMask = 2147483647;
			files = (
			);
			runOnlyForDeploymentPostprocessing = 0;
		};
		04A2B20826F067A0005466F8 /* Frameworks */ = {
			isa = PBXFrameworksBuildPhase;
			buildActionMask = 2147483647;
			files = (
			);
			runOnlyForDeploymentPostprocessing = 0;
		};
/* End PBXFrameworksBuildPhase section */

/* Begin PBXGroup section */
		04A2B1DE26F0679E005466F8 = {
			isa = PBXGroup;
			children = (
				04A2B1E926F0679E005466F8 /* Training */,
				04A2B20326F0679F005466F8 /* TrainingTests */,
				04A2B20E26F067A0005466F8 /* TrainingUITests */,
				04A2B1E826F0679E005466F8 /* Products */,
			);
			sourceTree = "<group>";
		};
		04A2B1E826F0679E005466F8 /* Products */ = {
			isa = PBXGroup;
			children = (
				04A2B1E726F0679E005466F8 /* Training.app */,
				04A2B20026F0679F005466F8 /* TrainingTests.xctest */,
				04A2B20B26F067A0005466F8 /* TrainingUITests.xctest */,
			);
			name = Products;
			sourceTree = "<group>";
		};
		04A2B1E926F0679E005466F8 /* Training */ = {
			isa = PBXGroup;
			children = (
				04A2B22026F06844005466F8 /* Supporting Files */,
				04A2B21F26F06838005466F8 /* AppModules */,
				04A2B21D26F067FD005466F8 /* Resources */,
				04A2B1FB26F0679F005466F8 /* Info.plist */,
			);
			path = Training;
			sourceTree = "<group>";
		};
		04A2B20326F0679F005466F8 /* TrainingTests */ = {
			isa = PBXGroup;
			children = (
				04A2B20426F0679F005466F8 /* TrainingTests.swift */,
				04A2B20626F0679F005466F8 /* Info.plist */,
			);
			path = TrainingTests;
			sourceTree = "<group>";
		};
		04A2B20E26F067A0005466F8 /* TrainingUITests */ = {
			isa = PBXGroup;
			children = (
				04A2B20F26F067A0005466F8 /* TrainingUITests.swift */,
				04A2B21126F067A0005466F8 /* Info.plist */,
			);
			path = TrainingUITests;
			sourceTree = "<group>";
		};
		04A2B21D26F067FD005466F8 /* Resources */ = {
			isa = PBXGroup;
			children = (
				04A2B21E26F06815005466F8 /* Storyboards */,
				04A2B1F326F0679F005466F8 /* Training.xcdatamodeld */,
				04A2B1F626F0679F005466F8 /* Assets.xcassets */,
			);
			path = Resources;
			sourceTree = "<group>";
		};
		04A2B21E26F06815005466F8 /* Storyboards */ = {
			isa = PBXGroup;
			children = (
				04A2B1F826F0679F005466F8 /* LaunchScreen.storyboard */,
				04A2B1F026F0679F005466F8 /* Main.storyboard */,
			);
			path = Storyboards;
			sourceTree = "<group>";
		};
		04A2B21F26F06838005466F8 /* AppModules */ = {
			isa = PBXGroup;
			children = (
				04A2B22926F070F9005466F8 /* Add Employee */,
				04A2B22626F06D15005466F8 /* BaseViewController */,
				04A2B22526F06CE6005466F8 /* EmployeeList */,
			);
			path = AppModules;
			sourceTree = "<group>";
		};
		04A2B22026F06844005466F8 /* Supporting Files */ = {
			isa = PBXGroup;
			children = (
				04A2B1EA26F0679F005466F8 /* AppDelegate.swift */,
				04A2B1EC26F0679F005466F8 /* SceneDelegate.swift */,
				04A2B22E26F072E5005466F8 /* AppData.swift */,
			);
			path = "Supporting Files";
			sourceTree = "<group>";
		};
		04A2B22126F068EE005466F8 /* View */ = {
			isa = PBXGroup;
			children = (
				04A2B1EE26F0679F005466F8 /* EmployeeListViewController.swift */,
			);
			path = View;
			sourceTree = "<group>";
		};
		04A2B22226F068F7005466F8 /* Model */ = {
			isa = PBXGroup;
			children = (
			);
			path = Model;
			sourceTree = "<group>";
		};
		04A2B22326F068FB005466F8 /* Presenter */ = {
			isa = PBXGroup;
			children = (
			);
			path = Presenter;
			sourceTree = "<group>";
		};
		04A2B22526F06CE6005466F8 /* EmployeeList */ = {
			isa = PBXGroup;
			children = (
				04A2B22326F068FB005466F8 /* Presenter */,
				04A2B22226F068F7005466F8 /* Model */,
				04A2B22126F068EE005466F8 /* View */,
			);
			path = EmployeeList;
			sourceTree = "<group>";
		};
		04A2B22626F06D15005466F8 /* BaseViewController */ = {
			isa = PBXGroup;
			children = (
				04A2B22726F06D2F005466F8 /* BaseViewController.swift */,
			);
			path = BaseViewController;
			sourceTree = "<group>";
		};
		04A2B22926F070F9005466F8 /* Add Employee */ = {
			isa = PBXGroup;
			children = (
				04A2B22A26F0710F005466F8 /* AddEmployeeViewController.swift */,
				04A2B23026F0744A005466F8 /* AddEmployeeModel.swift */,
				04A2B23226F0ACED005466F8 /* AddEmployeePresenter.swift */,
			);
			path = "Add Employee";
			sourceTree = "<group>";
		};
/* End PBXGroup section */

/* Begin PBXNativeTarget section */
		04A2B1E626F0679E005466F8 /* Training */ = {
			isa = PBXNativeTarget;
			buildConfigurationList = 04A2B21426F067A0005466F8 /* Build configuration list for PBXNativeTarget "Training" */;
			buildPhases = (
				04A2B1E326F0679E005466F8 /* Sources */,
				04A2B1E426F0679E005466F8 /* Frameworks */,
				04A2B1E526F0679E005466F8 /* Resources */,
			);
			buildRules = (
			);
			dependencies = (
			);
			name = Training;
			productName = Training;
			productReference = 04A2B1E726F0679E005466F8 /* Training.app */;
			productType = "com.apple.product-type.application";
		};
		04A2B1FF26F0679F005466F8 /* TrainingTests */ = {
			isa = PBXNativeTarget;
			buildConfigurationList = 04A2B21726F067A0005466F8 /* Build configuration list for PBXNativeTarget "TrainingTests" */;
			buildPhases = (
				04A2B1FC26F0679F005466F8 /* Sources */,
				04A2B1FD26F0679F005466F8 /* Frameworks */,
				04A2B1FE26F0679F005466F8 /* Resources */,
			);
			buildRules = (
			);
			dependencies = (
				04A2B20226F0679F005466F8 /* PBXTargetDependency */,
			);
			name = TrainingTests;
			productName = TrainingTests;
			productReference = 04A2B20026F0679F005466F8 /* TrainingTests.xctest */;
			productType = "com.apple.product-type.bundle.unit-test";
		};
		04A2B20A26F067A0005466F8 /* TrainingUITests */ = {
			isa = PBXNativeTarget;
			buildConfigurationList = 04A2B21A26F067A0005466F8 /* Build configuration list for PBXNativeTarget "TrainingUITests" */;
			buildPhases = (
				04A2B20726F067A0005466F8 /* Sources */,
				04A2B20826F067A0005466F8 /* Frameworks */,
				04A2B20926F067A0005466F8 /* Resources */,
			);
			buildRules = (
			);
			dependencies = (
				04A2B20D26F067A0005466F8 /* PBXTargetDependency */,
			);
			name = TrainingUITests;
			productName = TrainingUITests;
			productReference = 04A2B20B26F067A0005466F8 /* TrainingUITests.xctest */;
			productType = "com.apple.product-type.bundle.ui-testing";
		};
/* End PBXNativeTarget section */

/* Begin PBXProject section */
		04A2B1DF26F0679E005466F8 /* Project object */ = {
			isa = PBXProject;
			attributes = {
				LastSwiftUpdateCheck = 1250;
				LastUpgradeCheck = 1250;
				TargetAttributes = {
					04A2B1E626F0679E005466F8 = {
						CreatedOnToolsVersion = 12.5.1;
					};
					04A2B1FF26F0679F005466F8 = {
						CreatedOnToolsVersion = 12.5.1;
						TestTargetID = 04A2B1E626F0679E005466F8;
					};
					04A2B20A26F067A0005466F8 = {
						CreatedOnToolsVersion = 12.5.1;
						TestTargetID = 04A2B1E626F0679E005466F8;
					};
				};
			};
			buildConfigurationList = 04A2B1E226F0679E005466F8 /* Build configuration list for PBXProject "Training" */;
			compatibilityVersion = "Xcode 9.3";
			developmentRegion = en;
			hasScannedForEncodings = 0;
			knownRegions = (
				en,
				Base,
			);
			mainGroup = 04A2B1DE26F0679E005466F8;
			productRefGroup = 04A2B1E826F0679E005466F8 /* Products */;
			projectDirPath = "";
			projectRoot = "";
			targets = (
				04A2B1E626F0679E005466F8 /* Training */,
				04A2B1FF26F0679F005466F8 /* TrainingTests */,
				04A2B20A26F067A0005466F8 /* TrainingUITests */,
			);
		};
/* End PBXProject section */

/* Begin PBXResourcesBuildPhase section */
		04A2B1E526F0679E005466F8 /* Resources */ = {
			isa = PBXResourcesBuildPhase;
			buildActionMask = 2147483647;
			files = (
				04A2B1FA26F0679F005466F8 /* LaunchScreen.storyboard in Resources */,
				04A2B1F726F0679F005466F8 /* Assets.xcassets in Resources */,
				04A2B1F226F0679F005466F8 /* Main.storyboard in Resources */,
			);
			runOnlyForDeploymentPostprocessing = 0;
		};
		04A2B1FE26F0679F005466F8 /* Resources */ = {
			isa = PBXResourcesBuildPhase;
			buildActionMask = 2147483647;
			files = (
			);
			runOnlyForDeploymentPostprocessing = 0;
		};
		04A2B20926F067A0005466F8 /* Resources */ = {
			isa = PBXResourcesBuildPhase;
			buildActionMask = 2147483647;
			files = (
			);
			runOnlyForDeploymentPostprocessing = 0;
		};
/* End PBXResourcesBuildPhase section */

/* Begin PBXSourcesBuildPhase section */
		04A2B1E326F0679E005466F8 /* Sources */ = {
			isa = PBXSourcesBuildPhase;
			buildActionMask = 2147483647;
			files = (
				04A2B22B26F0710F005466F8 /* AddEmployeeViewController.swift in Sources */,
				04A2B22826F06D2F005466F8 /* BaseViewController.swift in Sources */,
				04A2B1EF26F0679F005466F8 /* EmployeeListViewController.swift in Sources */,
				04A2B23126F0744A005466F8 /* AddEmployeeModel.swift in Sources */,
				04A2B1F526F0679F005466F8 /* Training.xcdatamodeld in Sources */,
				04A2B1EB26F0679F005466F8 /* AppDelegate.swift in Sources */,
				04A2B1ED26F0679F005466F8 /* SceneDelegate.swift in Sources */,
				04A2B23326F0ACED005466F8 /* AddEmployeePresenter.swift in Sources */,
				04A2B22F26F072E5005466F8 /* AppData.swift in Sources */,
			);
			runOnlyForDeploymentPostprocessing = 0;
		};
		04A2B1FC26F0679F005466F8 /* Sources */ = {
			isa = PBXSourcesBuildPhase;
			buildActionMask = 2147483647;
			files = (
				04A2B20526F0679F005466F8 /* TrainingTests.swift in Sources */,
			);
			runOnlyForDeploymentPostprocessing = 0;
		};
		04A2B20726F067A0005466F8 /* Sources */ = {
			isa = PBXSourcesBuildPhase;
			buildActionMask = 2147483647;
			files = (
				04A2B21026F067A0005466F8 /* TrainingUITests.swift in Sources */,
			);
			runOnlyForDeploymentPostprocessing = 0;
		};
/* End PBXSourcesBuildPhase section */

/* Begin PBXTargetDependency section */
		04A2B20226F0679F005466F8 /* PBXTargetDependency */ = {
			isa = PBXTargetDependency;
			target = 04A2B1E626F0679E005466F8 /* Training */;
			targetProxy = 04A2B20126F0679F005466F8 /* PBXContainerItemProxy */;
		};
		04A2B20D26F067A0005466F8 /* PBXTargetDependency */ = {
			isa = PBXTargetDependency;
			target = 04A2B1E626F0679E005466F8 /* Training */;
			targetProxy = 04A2B20C26F067A0005466F8 /* PBXContainerItemProxy */;
		};
/* End PBXTargetDependency section */

/* Begin PBXVariantGroup section */
		04A2B1F026F0679F005466F8 /* Main.storyboard */ = {
			isa = PBXVariantGroup;
			children = (
				04A2B1F126F0679F005466F8 /* Base */,
			);
			name = Main.storyboard;
			sourceTree = "<group>";
		};
		04A2B1F826F0679F005466F8 /* LaunchScreen.storyboard */ = {
			isa = PBXVariantGroup;
			children = (
				04A2B1F926F0679F005466F8 /* Base */,
			);
			name = LaunchScreen.storyboard;
			sourceTree = "<group>";
		};
/* End PBXVariantGroup section */

/* Begin XCBuildConfiguration section */
		04A2B21226F067A0005466F8 /* Debug */ = {
			isa = XCBuildConfiguration;
			buildSettings = {
				ALWAYS_SEARCH_USER_PATHS = NO;
				CLANG_ANALYZER_NONNULL = YES;
				CLANG_ANALYZER_NUMBER_OBJECT_CONVERSION = YES_AGGRESSIVE;
				CLANG_CXX_LANGUAGE_STANDARD = "gnu++14";
				CLANG_CXX_LIBRARY = "libc++";
				CLANG_ENABLE_MODULES = YES;
				CLANG_ENABLE_OBJC_ARC = YES;
				CLANG_ENABLE_OBJC_WEAK = YES;
				CLANG_WARN_BLOCK_CAPTURE_AUTORELEASING = YES;
				CLANG_WARN_BOOL_CONVERSION = YES;
				CLANG_WARN_COMMA = YES;
				CLANG_WARN_CONSTANT_CONVERSION = YES;
				CLANG_WARN_DEPRECATED_OBJC_IMPLEMENTATIONS = YES;
				CLANG_WARN_DIRECT_OBJC_ISA_USAGE = YES_ERROR;
				CLANG_WARN_DOCUMENTATION_COMMENTS = YES;
				CLANG_WARN_EMPTY_BODY = YES;
				CLANG_WARN_ENUM_CONVERSION = YES;
				CLANG_WARN_INFINITE_RECURSION = YES;
				CLANG_WARN_INT_CONVERSION = YES;
				CLANG_WARN_NON_LITERAL_NULL_CONVERSION = YES;
				CLANG_WARN_OBJC_IMPLICIT_RETAIN_SELF = YES;
				CLANG_WARN_OBJC_LITERAL_CONVERSION = YES;
				CLANG_WARN_OBJC_ROOT_CLASS = YES_ERROR;
				CLANG_WARN_QUOTED_INCLUDE_IN_FRAMEWORK_HEADER = YES;
				CLANG_WARN_RANGE_LOOP_ANALYSIS = YES;
				CLANG_WARN_STRICT_PROTOTYPES = YES;
				CLANG_WARN_SUSPICIOUS_MOVE = YES;
				CLANG_WARN_UNGUARDED_AVAILABILITY = YES_AGGRESSIVE;
				CLANG_WARN_UNREACHABLE_CODE = YES;
				CLANG_WARN__DUPLICATE_METHOD_MATCH = YES;
				COPY_PHASE_STRIP = NO;
				DEBUG_INFORMATION_FORMAT = dwarf;
				ENABLE_STRICT_OBJC_MSGSEND = YES;
				ENABLE_TESTABILITY = YES;
				GCC_C_LANGUAGE_STANDARD = gnu11;
				GCC_DYNAMIC_NO_PIC = NO;
				GCC_NO_COMMON_BLOCKS = YES;
				GCC_OPTIMIZATION_LEVEL = 0;
				GCC_PREPROCESSOR_DEFINITIONS = (
					"DEBUG=1",
					"$(inherited)",
				);
				GCC_WARN_64_TO_32_BIT_CONVERSION = YES;
				GCC_WARN_ABOUT_RETURN_TYPE = YES_ERROR;
				GCC_WARN_UNDECLARED_SELECTOR = YES;
				GCC_WARN_UNINITIALIZED_AUTOS = YES_AGGRESSIVE;
				GCC_WARN_UNUSED_FUNCTION = YES;
				GCC_WARN_UNUSED_VARIABLE = YES;
				IPHONEOS_DEPLOYMENT_TARGET = 14.5;
				MTL_ENABLE_DEBUG_INFO = INCLUDE_SOURCE;
				MTL_FAST_MATH = YES;
				ONLY_ACTIVE_ARCH = YES;
				SDKROOT = iphoneos;
				SWIFT_ACTIVE_COMPILATION_CONDITIONS = DEBUG;
				SWIFT_OPTIMIZATION_LEVEL = "-Onone";
			};
			name = Debug;
		};
		04A2B21326F067A0005466F8 /* Release */ = {
			isa = XCBuildConfiguration;
			buildSettings = {
				ALWAYS_SEARCH_USER_PATHS = NO;
				CLANG_ANALYZER_NONNULL = YES;
				CLANG_ANALYZER_NUMBER_OBJECT_CONVERSION = YES_AGGRESSIVE;
				CLANG_CXX_LANGUAGE_STANDARD = "gnu++14";
				CLANG_CXX_LIBRARY = "libc++";
				CLANG_ENABLE_MODULES = YES;
				CLANG_ENABLE_OBJC_ARC = YES;
				CLANG_ENABLE_OBJC_WEAK = YES;
				CLANG_WARN_BLOCK_CAPTURE_AUTORELEASING = YES;
				CLANG_WARN_BOOL_CONVERSION = YES;
				CLANG_WARN_COMMA = YES;
				CLANG_WARN_CONSTANT_CONVERSION = YES;
				CLANG_WARN_DEPRECATED_OBJC_IMPLEMENTATIONS = YES;
				CLANG_WARN_DIRECT_OBJC_ISA_USAGE = YES_ERROR;
				CLANG_WARN_DOCUMENTATION_COMMENTS = YES;
				CLANG_WARN_EMPTY_BODY = YES;
				CLANG_WARN_ENUM_CONVERSION = YES;
				CLANG_WARN_INFINITE_RECURSION = YES;
				CLANG_WARN_INT_CONVERSION = YES;
				CLANG_WARN_NON_LITERAL_NULL_CONVERSION = YES;
				CLANG_WARN_OBJC_IMPLICIT_RETAIN_SELF = YES;
				CLANG_WARN_OBJC_LITERAL_CONVERSION = YES;
				CLANG_WARN_OBJC_ROOT_CLASS = YES_ERROR;
				CLANG_WARN_QUOTED_INCLUDE_IN_FRAMEWORK_HEADER = YES;
				CLANG_WARN_RANGE_LOOP_ANALYSIS = YES;
				CLANG_WARN_STRICT_PROTOTYPES = YES;
				CLANG_WARN_SUSPICIOUS_MOVE = YES;
				CLANG_WARN_UNGUARDED_AVAILABILITY = YES_AGGRESSIVE;
				CLANG_WARN_UNREACHABLE_CODE = YES;
				CLANG_WARN__DUPLICATE_METHOD_MATCH = YES;
				COPY_PHASE_STRIP = NO;
				DEBUG_INFORMATION_FORMAT = "dwarf-with-dsym";
				ENABLE_NS_ASSERTIONS = NO;
				ENABLE_STRICT_OBJC_MSGSEND = YES;
				GCC_C_LANGUAGE_STANDARD = gnu11;
				GCC_NO_COMMON_BLOCKS = YES;
				GCC_WARN_64_TO_32_BIT_CONVERSION = YES;
				GCC_WARN_ABOUT_RETURN_TYPE = YES_ERROR;
				GCC_WARN_UNDECLARED_SELECTOR = YES;
				GCC_WARN_UNINITIALIZED_AUTOS = YES_AGGRESSIVE;
				GCC_WARN_UNUSED_FUNCTION = YES;
				GCC_WARN_UNUSED_VARIABLE = YES;
				IPHONEOS_DEPLOYMENT_TARGET = 14.5;
				MTL_ENABLE_DEBUG_INFO = NO;
				MTL_FAST_MATH = YES;
				SDKROOT = iphoneos;
				SWIFT_COMPILATION_MODE = wholemodule;
				SWIFT_OPTIMIZATION_LEVEL = "-O";
				VALIDATE_PRODUCT = YES;
			};
			name = Release;
		};
		04A2B21526F067A0005466F8 /* Debug */ = {
			isa = XCBuildConfiguration;
			buildSettings = {
				ASSETCATALOG_COMPILER_APPICON_NAME = AppIcon;
				ASSETCATALOG_COMPILER_GLOBAL_ACCENT_COLOR_NAME = AccentColor;
				CODE_SIGN_STYLE = Automatic;
				INFOPLIST_FILE = Training/Info.plist;
				IPHONEOS_DEPLOYMENT_TARGET = 13.0;
				LD_RUNPATH_SEARCH_PATHS = (
					"$(inherited)",
					"@executable_path/Frameworks",
				);
				PRODUCT_BUNDLE_IDENTIFIER = com.daffodil.Training;
				PRODUCT_NAME = "$(TARGET_NAME)";
				SWIFT_VERSION = 5.0;
				TARGETED_DEVICE_FAMILY = "1,2";
			};
			name = Debug;
		};
		04A2B21626F067A0005466F8 /* Release */ = {
			isa = XCBuildConfiguration;
			buildSettings = {
				ASSETCATALOG_COMPILER_APPICON_NAME = AppIcon;
				ASSETCATALOG_COMPILER_GLOBAL_ACCENT_COLOR_NAME = AccentColor;
				CODE_SIGN_STYLE = Automatic;
				INFOPLIST_FILE = Training/Info.plist;
				IPHONEOS_DEPLOYMENT_TARGET = 13.0;
				LD_RUNPATH_SEARCH_PATHS = (
					"$(inherited)",
					"@executable_path/Frameworks",
				);
				PRODUCT_BUNDLE_IDENTIFIER = com.daffodil.Training;
				PRODUCT_NAME = "$(TARGET_NAME)";
				SWIFT_VERSION = 5.0;
				TARGETED_DEVICE_FAMILY = "1,2";
			};
			name = Release;
		};
		04A2B21826F067A0005466F8 /* Debug */ = {
			isa = XCBuildConfiguration;
			buildSettings = {
				ALWAYS_EMBED_SWIFT_STANDARD_LIBRARIES = YES;
				BUNDLE_LOADER = "$(TEST_HOST)";
				CODE_SIGN_STYLE = Automatic;
				INFOPLIST_FILE = TrainingTests/Info.plist;
				IPHONEOS_DEPLOYMENT_TARGET = 14.5;
				LD_RUNPATH_SEARCH_PATHS = (
					"$(inherited)",
					"@executable_path/Frameworks",
					"@loader_path/Frameworks",
				);
				PRODUCT_BUNDLE_IDENTIFIER = com.daffodil.TrainingTests;
				PRODUCT_NAME = "$(TARGET_NAME)";
				SWIFT_VERSION = 5.0;
				TARGETED_DEVICE_FAMILY = "1,2";
				TEST_HOST = "$(BUILT_PRODUCTS_DIR)/Training.app/Training";
			};
			name = Debug;
		};
		04A2B21926F067A0005466F8 /* Release */ = {
			isa = XCBuildConfiguration;
			buildSettings = {
				ALWAYS_EMBED_SWIFT_STANDARD_LIBRARIES = YES;
				BUNDLE_LOADER = "$(TEST_HOST)";
				CODE_SIGN_STYLE = Automatic;
				INFOPLIST_FILE = TrainingTests/Info.plist;
				IPHONEOS_DEPLOYMENT_TARGET = 14.5;
				LD_RUNPATH_SEARCH_PATHS = (
					"$(inherited)",
					"@executable_path/Frameworks",
					"@loader_path/Frameworks",
				);
				PRODUCT_BUNDLE_IDENTIFIER = com.daffodil.TrainingTests;
				PRODUCT_NAME = "$(TARGET_NAME)";
				SWIFT_VERSION = 5.0;
				TARGETED_DEVICE_FAMILY = "1,2";
				TEST_HOST = "$(BUILT_PRODUCTS_DIR)/Training.app/Training";
			};
			name = Release;
		};
		04A2B21B26F067A0005466F8 /* Debug */ = {
			isa = XCBuildConfiguration;
			buildSettings = {
				ALWAYS_EMBED_SWIFT_STANDARD_LIBRARIES = YES;
				CODE_SIGN_STYLE = Automatic;
				INFOPLIST_FILE = TrainingUITests/Info.plist;
				LD_RUNPATH_SEARCH_PATHS = (
					"$(inherited)",
					"@executable_path/Frameworks",
					"@loader_path/Frameworks",
				);
				PRODUCT_BUNDLE_IDENTIFIER = com.daffodil.TrainingUITests;
				PRODUCT_NAME = "$(TARGET_NAME)";
				SWIFT_VERSION = 5.0;
				TARGETED_DEVICE_FAMILY = "1,2";
				TEST_TARGET_NAME = Training;
			};
			name = Debug;
		};
		04A2B21C26F067A0005466F8 /* Release */ = {
			isa = XCBuildConfiguration;
			buildSettings = {
				ALWAYS_EMBED_SWIFT_STANDARD_LIBRARIES = YES;
				CODE_SIGN_STYLE = Automatic;
				INFOPLIST_FILE = TrainingUITests/Info.plist;
				LD_RUNPATH_SEARCH_PATHS = (
					"$(inherited)",
					"@executable_path/Frameworks",
					"@loader_path/Frameworks",
				);
				PRODUCT_BUNDLE_IDENTIFIER = com.daffodil.TrainingUITests;
				PRODUCT_NAME = "$(TARGET_NAME)";
				SWIFT_VERSION = 5.0;
				TARGETED_DEVICE_FAMILY = "1,2";
				TEST_TARGET_NAME = Training;
			};
			name = Release;
		};
/* End XCBuildConfiguration section */

/* Begin XCConfigurationList section */
		04A2B1E226F0679E005466F8 /* Build configuration list for PBXProject "Training" */ = {
			isa = XCConfigurationList;
			buildConfigurations = (
				04A2B21226F067A0005466F8 /* Debug */,
				04A2B21326F067A0005466F8 /* Release */,
			);
			defaultConfigurationIsVisible = 0;
			defaultConfigurationName = Release;
		};
		04A2B21426F067A0005466F8 /* Build configuration list for PBXNativeTarget "Training" */ = {
			isa = XCConfigurationList;
			buildConfigurations = (
				04A2B21526F067A0005466F8 /* Debug */,
				04A2B21626F067A0005466F8 /* Release */,
			);
			defaultConfigurationIsVisible = 0;
			defaultConfigurationName = Release;
		};
		04A2B21726F067A0005466F8 /* Build configuration list for PBXNativeTarget "TrainingTests" */ = {
			isa = XCConfigurationList;
			buildConfigurations = (
				04A2B21826F067A0005466F8 /* Debug */,
				04A2B21926F067A0005466F8 /* Release */,
			);
			defaultConfigurationIsVisible = 0;
			defaultConfigurationName = Release;
		};
		04A2B21A26F067A0005466F8 /* Build configuration list for PBXNativeTarget "TrainingUITests" */ = {
			isa = XCConfigurationList;
			buildConfigurations = (
				04A2B21B26F067A0005466F8 /* Debug */,
				04A2B21C26F067A0005466F8 /* Release */,
			);
			defaultConfigurationIsVisible = 0;
			defaultConfigurationName = Release;
		};
/* End XCConfigurationList section */

/* Begin XCVersionGroup section */
		04A2B1F326F0679F005466F8 /* Training.xcdatamodeld */ = {
			isa = XCVersionGroup;
			children = (
				04A2B1F426F0679F005466F8 /* Training.xcdatamodel */,
			);
			currentVersion = 04A2B1F426F0679F005466F8 /* Training.xcdatamodel */;
			path = Training.xcdatamodeld;
			sourceTree = "<group>";
			versionGroupType = wrapper.xcdatamodel;
		};
/* End XCVersionGroup section */
	};
	rootObject = 04A2B1DF26F0679E005466F8 /* Project object */;
}
